
Microsoft Visual Studio Solution File, Format Version 12.00
# Visual Studio 2013
VisualStudioVersion = 12.0.30501.0
MinimumVisualStudioVersion = 10.0.40219.1
Project("{8BC9CEB8-8B4A-11D0-8D11-00A0C91BC942}") = "OpenGL Starter 2013", "OpenGL Starter 2013.vcxproj", "{EA2E7B20-B18C-48AD-8A1A-EB8CC4AA703B}"
EndProject
Global
	GlobalSection(SolutionConfigurationPlatforms) = preSolution
		Debug|Win32 = Debug|Win32
		Release|Win32 = Release|Win32
	EndGlobalSection
	GlobalSection(ProjectConfigurationPlatforms) = postSolution
		{EA2E7B20-B18C-48AD-8A1A-EB8CC4AA703B}.Debug|Win32.ActiveCfg = Debug|Win32
		{EA2E7B20-B18C-48AD-8A1A-EB8CC4AA703B}.Debug|Win32.Build.0 = Debug|Win32
		{EA2E7B20-B18C-48AD-8A1A-EB8CC4AA703B}.Release|Win32.ActiveCfg = Release|Win32
		{EA2E7B20-B18C-48AD-8A1A-EB8CC4AA703B}.Release|Win32.Build.0 = Release|Win32
	EndGlobalSection
	GlobalSection(SolutionProperties) = preSolution
		HideSolutionNode = FALSE
	EndGlobalSection
EndGlobal
